
Microsoft Visual Studio Solution File, Format Version 12.00
# Visual Studio Version 16
VisualStudioVersion = 16.0.30907.101
MinimumVisualStudioVersion = 10.0.40219.1
Project("{8BC9CEB8-8B4A-11D0-8D11-00A0C91BC942}") = "chap03", "chap03\chap03.vcxproj", "{F28D2751-ACDE-467F-8FEA-7E60D356B36F}"
EndProject
Project("{8BC9CEB8-8B4A-11D0-8D11-00A0C91BC942}") = "chap04", "chap04\chap04.vcxproj", "{49F78BC0-477B-4F7C-A566-D5D1DD989C7C}"
EndProject
Project("{8BC9CEB8-8B4A-11D0-8D11-00A0C91BC942}") = "chap05", "chap05\chap05.vcxproj", "{0EF887BA-A3D6-4B12-8B76-687360765999}"
EndProject
Global
	GlobalSection(SolutionConfigurationPlatforms) = preSolution
		Debug|x64 = Debug|x64
		Debug|x86 = Debug|x86
		Release|x64 = Release|x64
		Release|x86 = Release|x86
	EndGlobalSection
	GlobalSection(ProjectConfigurationPlatforms) = postSolution
		{F28D2751-ACDE-467F-8FEA-7E60D356B36F}.Debug|x64.ActiveCfg = Debug|x64
		{F28D2751-ACDE-467F-8FEA-7E60D356B36F}.Debug|x64.Build.0 = Debug|x64
		{F28D2751-ACDE-467F-8FEA-7E60D356B36F}.Debug|x86.ActiveCfg = Debug|Win32
		{F28D2751-ACDE-467F-8FEA-7E60D356B36F}.Debug|x86.Build.0 = Debug|Win32
		{F28D2751-ACDE-467F-8FEA-7E60D356B36F}.Release|x64.ActiveCfg = Release|x64
		{F28D2751-ACDE-467F-8FEA-7E60D356B36F}.Release|x64.Build.0 = Release|x64
		{F28D2751-ACDE-467F-8FEA-7E60D356B36F}.Release|x86.ActiveCfg = Release|Win32
		{F28D2751-ACDE-467F-8FEA-7E60D356B36F}.Release|x86.Build.0 = Release|Win32
		{49F78BC0-477B-4F7C-A566-D5D1DD989C7C}.Debug|x64.ActiveCfg = Debug|x64
		{49F78BC0-477B-4F7C-A566-D5D1DD989C7C}.Debug|x64.Build.0 = Debug|x64
		{49F78BC0-477B-4F7C-A566-D5D1DD989C7C}.Debug|x86.ActiveCfg = Debug|Win32
		{49F78BC0-477B-4F7C-A566-D5D1DD989C7C}.Debug|x86.Build.0 = Debug|Win32
		{49F78BC0-477B-4F7C-A566-D5D1DD989C7C}.Release|x64.ActiveCfg = Release|x64
		{49F78BC0-477B-4F7C-A566-D5D1DD989C7C}.Release|x64.Build.0 = Release|x64
		{49F78BC0-477B-4F7C-A566-D5D1DD989C7C}.Release|x86.ActiveCfg = Release|Win32
		{49F78BC0-477B-4F7C-A566-D5D1DD989C7C}.Release|x86.Build.0 = Release|Win32
		{0EF887BA-A3D6-4B12-8B76-687360765999}.Debug|x64.ActiveCfg = Debug|x64
		{0EF887BA-A3D6-4B12-8B76-687360765999}.Debug|x64.Build.0 = Debug|x64
		{0EF887BA-A3D6-4B12-8B76-687360765999}.Debug|x86.ActiveCfg = Debug|Win32
		{0EF887BA-A3D6-4B12-8B76-687360765999}.Debug|x86.Build.0 = Debug|Win32
		{0EF887BA-A3D6-4B12-8B76-687360765999}.Release|x64.ActiveCfg = Release|x64
		{0EF887BA-A3D6-4B12-8B76-687360765999}.Release|x64.Build.0 = Release|x64
		{0EF887BA-A3D6-4B12-8B76-687360765999}.Release|x86.ActiveCfg = Release|Win32
		{0EF887BA-A3D6-4B12-8B76-687360765999}.Release|x86.Build.0 = Release|Win32
	EndGlobalSection
	GlobalSection(SolutionProperties) = preSolution
		HideSolutionNode = FALSE
	EndGlobalSection
	GlobalSection(ExtensibilityGlobals) = postSolution
		SolutionGuid = {E814579D-E8F4-4D5E-96BC-4C841CBCB9FD}
	EndGlobalSection
EndGlobal
